{
  "name": "naive-ui-vite-vue",
  "version": "0.0.0",
  "lockfileVersion": 1,
  "requires": true,
  "dependencies": {
    "@babel/helper-validator-identifier": {
      "version": "7.14.9",
      "resolved": "https://registry.nlark.com/@babel/helper-validator-identifier/download/@babel/helper-validator-identifier-7.14.9.tgz?cache=0&sync_timestamp=1627804495811&other_urls=https%3A%2F%2Fregistry.nlark.com%2F%40babel%2Fhelper-validator-identifier%2Fdownload%2F%40babel%2Fhelper-validator-identifier-7.14.9.tgz",
      "integrity": "sha1-ZlTRcbICT22O4VG/JQlpmRkTHUg="
    },
    "@babel/parser": {
      "version": "7.15.4",
      "resolved": "https://registry.nlark.com/@babel/parser/download/@babel/parser-7.15.4.tgz?cache=0&sync_timestamp=1630618810114&other_urls=https%3A%2F%2Fregistry.nlark.com%2F%40babel%2Fparser%2Fdownload%2F%40babel%2Fparser-7.15.4.tgz",
      "integrity": "sha1-AvKTG4IlEtOq0X1HWug9p0olWoQ="
    },
    "@babel/types": {
      "version": "7.15.4",
      "resolved": "https://registry.nlark.com/@babel/types/download/@babel/types-7.15.4.tgz?cache=0&sync_timestamp=1630618811069&other_urls=https%3A%2F%2Fregistry.nlark.com%2F%40babel%2Ftypes%2Fdownload%2F%40babel%2Ftypes-7.15.4.tgz",
      "integrity": "sha1-dO64bb1nSNJ0E5ZVe5hg5X/OCg0=",
      "requires": {
        "@babel/helper-validator-identifier": "^7.14.9",
        "to-fast-properties": "^2.0.0"
      }
    },
    "@css-render/plugin-bem": {
      "version": "0.15.6",
      "resolved": "https://registry.nlark.com/@css-render/plugin-bem/download/@css-render/plugin-bem-0.15.6.tgz",
      "integrity": "sha1-9/6kdN9PMmLvn7gBetocuXEs14o=",
      "dev": true,
      "requires": {
        "css-render": "~0.15.6"
      }
    },
    "@css-render/vue3-ssr": {
      "version": "0.15.6",
      "resolved": "https://registry.nlark.com/@css-render/vue3-ssr/download/@css-render/vue3-ssr-0.15.6.tgz",
      "integrity": "sha1-TtwpS9p+bKIV9sfsniyDhWRQacM=",
      "dev": true
    },
    "@emotion/hash": {
      "version": "0.8.0",
      "resolved": "https://registry.npm.taobao.org/@emotion/hash/download/@emotion/hash-0.8.0.tgz",
      "integrity": "sha1-u7/2iXj+/b5ozLUzvIy+HRr7VBM=",
      "dev": true
    },
    "@jest/types": {
      "version": "26.6.2",
      "resolved": "https://registry.nlark.com/@jest/types/download/@jest/types-26.6.2.tgz",
      "integrity": "sha1-vvWlMgMOHYii9abZM/hOlyJu1I4=",
      "dev": true,
      "requires": {
        "@types/istanbul-lib-coverage": "^2.0.0",
        "@types/istanbul-reports": "^3.0.0",
        "@types/node": "*",
        "@types/yargs": "^15.0.0",
        "chalk": "^4.0.0"
      }
    },
    "@types/estree": {
      "version": "0.0.48",
      "resolved": "https://registry.nlark.com/@types/estree/download/@types/estree-0.0.48.tgz",
      "integrity": "sha1-GNyAkbKF35DbLyWqfZBs/DlLf3Q=",
      "dev": true
    },
    "@types/istanbul-lib-coverage": {
      "version": "2.0.3",
      "resolved": "https://registry.nlark.com/@types/istanbul-lib-coverage/download/@types/istanbul-lib-coverage-2.0.3.tgz",
      "integrity": "sha1-S6jdtyAiH0MuRDvV+RF/0iz9R2I=",
      "dev": true
    },
    "@types/istanbul-lib-report": {
      "version": "3.0.0",
      "resolved": "https://registry.nlark.com/@types/istanbul-lib-report/download/@types/istanbul-lib-report-3.0.0.tgz",
      "integrity": "sha1-wUwk8Y6oGQwRjudWK3/5mjZVJoY=",
      "dev": true,
      "requires": {
        "@types/istanbul-lib-coverage": "*"
      }
    },
    "@types/istanbul-reports": {
      "version": "3.0.1",
      "resolved": "https://registry.nlark.com/@types/istanbul-reports/download/@types/istanbul-reports-3.0.1.tgz?cache=0&other_urls=https%3A%2F%2Fregistry.nlark.com%2F%40types%2Fistanbul-reports%2Fdownload%2F%40types%2Fistanbul-reports-3.0.1.tgz",
      "integrity": "sha1-kVP+mLuivVZaY63ZQ21vDX+EaP8=",
      "dev": true,
      "requires": {
        "@types/istanbul-lib-report": "*"
      }
    },
    "@types/jest": {
      "version": "26.0.24",
      "resolved": "https://registry.nlark.com/@types/jest/download/@types/jest-26.0.24.tgz",
      "integrity": "sha1-lD0Rl2sWc5GFkToZNuDeDEp9WVo=",
      "dev": true,
      "requires": {
        "jest-diff": "^26.0.0",
        "pretty-format": "^26.0.0"
      }
    },
    "@types/lodash": {
      "version": "4.14.176",
      "resolved": "https://registry.npmmirror.com/@types/lodash/download/@types/lodash-4.14.176.tgz?cache=0&sync_timestamp=1634769182663&other_urls=https%3A%2F%2Fregistry.npmmirror.com%2F%40types%2Flodash%2Fdownload%2F%40types%2Flodash-4.14.176.tgz",
      "integrity": "sha1-ZBFQ/BzaNvv6Mp3mA7uxddfuIMA=",
      "dev": true
    },
    "@types/lodash-es": {
      "version": "4.17.5",
      "resolved": "https://registry.nlark.com/@types/lodash-es/download/@types/lodash-es-4.17.5.tgz",
      "integrity": "sha1-HD/dFoSdhK6kOJCxxg2jeftQE1M=",
      "dev": true,
      "requires": {
        "@types/lodash": "*"
      }
    },
    "@types/node": {
      "version": "14.14.45",
      "resolved": "https://registry.npmmirror.com/@types/node/download/@types/node-14.14.45.tgz?cache=0&sync_timestamp=1634971567684&other_urls=https%3A%2F%2Fregistry.npmmirror.com%2F%40types%2Fnode%2Fdownload%2F%40types%2Fnode-14.14.45.tgz",
      "integrity": "sha1-7C37VWb/gU0GGu9+FBV1rtuiRc8=",
      "dev": true
    },
    "@types/yargs": {
      "version": "15.0.14",
      "resolved": "https://registry.nlark.com/@types/yargs/download/@types/yargs-15.0.14.tgz?cache=0&sync_timestamp=1629709792352&other_urls=https%3A%2F%2Fregistry.nlark.com%2F%40types%2Fyargs%2Fdownload%2F%40types%2Fyargs-15.0.14.tgz",
      "integrity": "sha1-Jtgh3biecEkhYLZtEKDrbfj2+wY=",
      "dev": true,
      "requires": {
        "@types/yargs-parser": "*"
      }
    },
    "@types/yargs-parser": {
      "version": "20.2.1",
      "resolved": "https://registry.nlark.com/@types/yargs-parser/download/@types/yargs-parser-20.2.1.tgz?cache=0&sync_timestamp=1629709781719&other_urls=https%3A%2F%2Fregistry.nlark.com%2F%40types%2Fyargs-parser%2Fdownload%2F%40types%2Fyargs-parser-20.2.1.tgz",
      "integrity": "sha1-O5ziSJkZ2eT+pDm3aRarw0st8Sk=",
      "dev": true
    },
    "@vicons/antd": {
      "version": "0.11.0",
      "resolved": "https://registry.nlark.com/@vicons/antd/download/@vicons/antd-0.11.0.tgz",
      "integrity": "sha1-PSiVLQKK7XEtymHLgdvbEUVMVUI=",
      "dev": true
    },
    "@vicons/carbon": {
      "version": "0.11.0",
      "resolved": "https://registry.npmmirror.com/@vicons/carbon/download/@vicons/carbon-0.11.0.tgz",
      "integrity": "sha1-UQ4B6IOnOx1DQ6PrHRAUFEZGOr4=",
      "dev": true
    },
    "@vicons/fa": {
      "version": "0.11.0",
      "resolved": "https://registry.nlark.com/@vicons/fa/download/@vicons/fa-0.11.0.tgz",
      "integrity": "sha1-3GeAslt5Q3NOfHXXTfL0RDsFcq4=",
      "dev": true
    },
    "@vicons/fluent": {
      "version": "0.11.0",
      "resolved": "https://registry.nlark.com/@vicons/fluent/download/@vicons/fluent-0.11.0.tgz",
      "integrity": "sha1-hPPNolVTnLlvRcicFgHiiS15gm8=",
      "dev": true
    },
    "@vicons/ionicons4": {
      "version": "0.11.0",
      "resolved": "https://registry.npmmirror.com/@vicons/ionicons4/download/@vicons/ionicons4-0.11.0.tgz",
      "integrity": "sha1-pg9erWYdRz8XEDrQBRzoKtdxu+Y=",
      "dev": true
    },
    "@vicons/ionicons5": {
      "version": "0.11.0",
      "resolved": "https://registry.nlark.com/@vicons/ionicons5/download/@vicons/ionicons5-0.11.0.tgz",
      "integrity": "sha1-VBhb+lcqCd9wCU2xlU8ov78TY+0=",
      "dev": true
    },
    "@vicons/material": {
      "version": "0.11.0",
      "resolved": "https://registry.nlark.com/@vicons/material/download/@vicons/material-0.11.0.tgz",
      "integrity": "sha1-LCCRIfP/akZFD0loOX32wwCN+NE=",
      "dev": true
    },
    "@vicons/tabler": {
      "version": "0.11.0",
      "resolved": "https://registry.nlark.com/@vicons/tabler/download/@vicons/tabler-0.11.0.tgz",
      "integrity": "sha1-nrBXnADKowQMLBz55cDHa6EgT7M=",
      "dev": true
    },
    "@vitejs/plugin-vue": {
      "version": "1.9.0",
      "resolved": "https://registry.nlark.com/@vitejs/plugin-vue/download/@vitejs/plugin-vue-1.9.0.tgz",
      "integrity": "sha1-rkWKLqrB0G76yNcaRCfV10JGbXI="
    },
    "@vue/compiler-core": {
      "version": "3.2.8",
      "resolved": "https://registry.nlark.com/@vue/compiler-core/download/@vue/compiler-core-3.2.8.tgz?cache=0&sync_timestamp=1630608808050&other_urls=https%3A%2F%2Fregistry.nlark.com%2F%40vue%2Fcompiler-core%2Fdownload%2F%40vue%2Fcompiler-core-3.2.8.tgz",
      "integrity": "sha1-E7I4a9sDRVyfbGry80aFYaWuWx0=",
      "requires": {
        "@babel/parser": "^7.15.0",
        "@babel/types": "^7.15.0",
        "@vue/shared": "3.2.8",
        "estree-walker": "^2.0.2",
        "source-map": "^0.6.1"
      }
    },
    "@vue/compiler-dom": {
      "version": "3.2.8",
      "resolved": "https://registry.nlark.com/@vue/compiler-dom/download/@vue/compiler-dom-3.2.8.tgz?cache=0&sync_timestamp=1630608810147&other_urls=https%3A%2F%2Fregistry.nlark.com%2F%40vue%2Fcompiler-dom%2Fdownload%2F%40vue%2Fcompiler-dom-3.2.8.tgz",
      "integrity": "sha1-abyeCJKKEilcMSmQZ/GNhzAZgak=",
      "requires": {
        "@vue/compiler-core": "3.2.8",
        "@vue/shared": "3.2.8"
      }
    },
    "@vue/compiler-sfc": {
      "version": "3.2.8",
      "resolved": "https://registry.nlark.com/@vue/compiler-sfc/download/@vue/compiler-sfc-3.2.8.tgz",
      "integrity": "sha1-I2mfadOLHDLsVPi0cPPmN1/8a24=",
      "dev": true,
      "requires": {
        "@babel/parser": "^7.15.0",
        "@babel/types": "^7.15.0",
        "@types/estree": "^0.0.48",
        "@vue/compiler-core": "3.2.8",
        "@vue/compiler-dom": "3.2.8",
        "@vue/compiler-ssr": "3.2.8",
        "@vue/ref-transform": "3.2.8",
        "@vue/shared": "3.2.8",
        "consolidate": "^0.16.0",
        "estree-walker": "^2.0.2",
        "hash-sum": "^2.0.0",
        "lru-cache": "^5.1.1",
        "magic-string": "^0.25.7",
        "merge-source-map": "^1.1.0",
        "postcss": "^8.1.10",
        "postcss-modules": "^4.0.0",
        "postcss-selector-parser": "^6.0.4",
        "source-map": "^0.6.1"
      }
    },
    "@vue/compiler-ssr": {
      "version": "3.2.8",
      "resolved": "https://registry.nlark.com/@vue/compiler-ssr/download/@vue/compiler-ssr-3.2.8.tgz?cache=0&sync_timestamp=1630609313667&other_urls=https%3A%2F%2Fregistry.nlark.com%2F%40vue%2Fcompiler-ssr%2Fdownload%2F%40vue%2Fcompiler-ssr-3.2.8.tgz",
      "integrity": "sha1-mXM1MvRNdxRM4eO4U/L6CLo5Tno=",
      "dev": true,
      "requires": {
        "@vue/compiler-dom": "3.2.8",
        "@vue/shared": "3.2.8"
      }
    },
    "@vue/devtools-api": {
      "version": "6.0.0-beta.15",
      "resolved": "https://registry.nlark.com/@vue/devtools-api/download/@vue/devtools-api-6.0.0-beta.15.tgz",
      "integrity": "sha1-rXyzhOBi8WW8+cg3MhJb/7wq2D0="
    },
    "@vue/reactivity": {
      "version": "3.2.8",
      "resolved": "https://registry.nlark.com/@vue/reactivity/download/@vue/reactivity-3.2.8.tgz",
      "integrity": "sha1-snIAzPqgbzEqxGexKjgWE3fFV+0=",
      "requires": {
        "@vue/shared": "3.2.8"
      }
    },
    "@vue/ref-transform": {
      "version": "3.2.8",
      "resolved": "https://registry.nlark.com/@vue/ref-transform/download/@vue/ref-transform-3.2.8.tgz?cache=0&sync_timestamp=1630609256073&other_urls=https%3A%2F%2Fregistry.nlark.com%2F%40vue%2Fref-transform%2Fdownload%2F%40vue%2Fref-transform-3.2.8.tgz",
      "integrity": "sha1-pScEe6tDzlDvPUAM5xMSqzD4Jdw=",
      "dev": true,
      "requires": {
        "@babel/parser": "^7.15.0",
        "@vue/compiler-core": "3.2.8",
        "@vue/shared": "3.2.8",
        "estree-walker": "^2.0.2",
        "magic-string": "^0.25.7"
      }
    },
    "@vue/runtime-core": {
      "version": "3.2.8",
      "resolved": "https://registry.nlark.com/@vue/runtime-core/download/@vue/runtime-core-3.2.8.tgz",
      "integrity": "sha1-iiNCwLqg/uGS+BmjvcGVR9dDC4g=",
      "requires": {
        "@vue/reactivity": "3.2.8",
        "@vue/shared": "3.2.8"
      }
    },
    "@vue/runtime-dom": {
      "version": "3.2.8",
      "resolved": "https://registry.nlark.com/@vue/runtime-dom/download/@vue/runtime-dom-3.2.8.tgz",
      "integrity": "sha1-xmMbUHBJ05hEsENOgd8ap578xss=",
      "requires": {
        "@vue/runtime-core": "3.2.8",
        "@vue/shared": "3.2.8",
        "csstype": "^2.6.8"
      }
    },
    "@vue/shared": {
      "version": "3.2.8",
      "resolved": "https://registry.nlark.com/@vue/shared/download/@vue/shared-3.2.8.tgz?cache=0&sync_timestamp=1630608810803&other_urls=https%3A%2F%2Fregistry.nlark.com%2F%40vue%2Fshared%2Fdownload%2F%40vue%2Fshared-3.2.8.tgz",
      "integrity": "sha1-L5GOMwrrP1arEDHKYKWzBnJRJFc="
    },
    "ansi-regex": {
      "version": "5.0.1",
      "resolved": "https://registry.nlark.com/ansi-regex/download/ansi-regex-5.0.1.tgz",
      "integrity": "sha1-CCyyyJyf6GWaMRpTvWpNxTAdswQ=",
      "dev": true
    },
    "ansi-styles": {
      "version": "4.3.0",
      "resolved": "https://registry.nlark.com/ansi-styles/download/ansi-styles-4.3.0.tgz",
      "integrity": "sha1-7dgDYornHATIWuegkG7a00tkiTc=",
      "requires": {
        "color-convert": "^2.0.1"
      }
    },
    "anymatch": {
      "version": "3.1.2",
      "resolved": "https://registry.nlark.com/anymatch/download/anymatch-3.1.2.tgz",
      "integrity": "sha1-wFV8CWrzLxBhmPT04qODU343hxY=",
      "dev": true,
      "requires": {
        "normalize-path": "^3.0.0",
        "picomatch": "^2.0.4"
      }
    },
    "aplayer": {
      "version": "1.10.1",
      "resolved": "https://registry.npm.taobao.org/aplayer/download/aplayer-1.10.1.tgz",
      "integrity": "sha1-MYKJIGEHRSzDno9VL6bMbLRZqQw=",
      "requires": {
        "balloon-css": "^0.5.0",
        "promise-polyfill": "7.1.0",
        "smoothscroll": "0.4.0"
      }
    },
    "async-validator": {
      "version": "4.0.7",
      "resolved": "https://registry.npmmirror.com/async-validator/download/async-validator-4.0.7.tgz?cache=0&sync_timestamp=1634529532378&other_urls=https%3A%2F%2Fregistry.npmmirror.com%2Fasync-validator%2Fdownload%2Fasync-validator-4.0.7.tgz",
      "integrity": "sha1-A0oP0hA6ay6/AQ2nUYO+wpkkev4=",
      "dev": true
    },
    "axios": {
      "version": "0.21.4",
      "resolved": "https://registry.nlark.com/axios/download/axios-0.21.4.tgz",
      "integrity": "sha1-xnuQ3AVo5cHPKwuFjEO6KOLtpXU=",
      "requires": {
        "follow-redirects": "^1.14.0"
      }
    },
    "balloon-css": {
      "version": "0.5.2",
      "resolved": "https://registry.npm.taobao.org/balloon-css/download/balloon-css-0.5.2.tgz",
      "integrity": "sha1-niFjVloTbJ1Kog6EAHcs47c40/8="
    },
    "batch-processor": {
      "version": "1.0.0",
      "resolved": "https://registry.npm.taobao.org/batch-processor/download/batch-processor-1.0.0.tgz",
      "integrity": "sha1-dclcMrdI4IUNEMKxaPa9vpiRrOg=",
      "dev": true
    },
    "big.js": {
      "version": "5.2.2",
      "resolved": "https://registry.nlark.com/big.js/download/big.js-5.2.2.tgz",
      "integrity": "sha1-ZfCvOC9Xi83HQr2cKB6cstd2gyg="
    },
    "binary-extensions": {
      "version": "2.2.0",
      "resolved": "https://registry.npm.taobao.org/binary-extensions/download/binary-extensions-2.2.0.tgz",
      "integrity": "sha1-dfUC7q+f/eQvyYgpZFvk6na9ni0=",
      "dev": true
    },
    "bluebird": {
      "version": "3.7.2",
      "resolved": "https://registry.npm.taobao.org/bluebird/download/bluebird-3.7.2.tgz?cache=0&sync_timestamp=1602657218976&other_urls=https%3A%2F%2Fregistry.npm.taobao.org%2Fbluebird%2Fdownload%2Fbluebird-3.7.2.tgz",
      "integrity": "sha1-nyKcFb4nJFT/qXOs4NvueaGww28=",
      "dev": true
    },
    "braces": {
      "version": "3.0.2",
      "resolved": "https://registry.npm.taobao.org/braces/download/braces-3.0.2.tgz",
      "integrity": "sha1-NFThpGLujVmeI23zNs2epPiv4Qc=",
      "dev": true,
      "requires": {
        "fill-range": "^7.0.1"
      }
    },
    "call-bind": {
      "version": "1.0.2",
      "resolved": "https://registry.npm.taobao.org/call-bind/download/call-bind-1.0.2.tgz?cache=0&sync_timestamp=1610402896029&other_urls=https%3A%2F%2Fregistry.npm.taobao.org%2Fcall-bind%2Fdownload%2Fcall-bind-1.0.2.tgz",
      "integrity": "sha1-sdTonmiBGcPJqQOtMKuy9qkZvjw=",
      "requires": {
        "function-bind": "^1.1.1",
        "get-intrinsic": "^1.0.2"
      }
    },
    "chalk": {
      "version": "4.1.2",
      "resolved": "https://registry.nlark.com/chalk/download/chalk-4.1.2.tgz?cache=0&sync_timestamp=1627646734234&other_urls=https%3A%2F%2Fregistry.nlark.com%2Fchalk%2Fdownload%2Fchalk-4.1.2.tgz",
      "integrity": "sha1-qsTit3NKdAhnrrFr8CqtVWoeegE=",
      "requires": {
        "ansi-styles": "^4.1.0",
        "supports-color": "^7.1.0"
      }
    },
    "chokidar": {
      "version": "3.5.2",
      "resolved": "https://registry.nlark.com/chokidar/download/chokidar-3.5.2.tgz?cache=0&sync_timestamp=1623763452074&other_urls=https%3A%2F%2Fregistry.nlark.com%2Fchokidar%2Fdownload%2Fchokidar-3.5.2.tgz",
      "integrity": "sha1-26OXb8rbAW9m/TZQIdkWANAcHnU=",
      "dev": true,
      "requires": {
        "anymatch": "~3.1.2",
        "braces": "~3.0.2",
        "fsevents": "~2.3.2",
        "glob-parent": "~5.1.2",
        "is-binary-path": "~2.1.0",
        "is-glob": "~4.0.1",
        "normalize-path": "~3.0.0",
        "readdirp": "~3.6.0"
      }
    },
    "color-convert": {
      "version": "2.0.1",
      "resolved": "https://registry.nlark.com/color-convert/download/color-convert-2.0.1.tgz",
      "integrity": "sha1-ctOmjVmMm9s68q0ehPIdiWq9TeM=",
      "requires": {
        "color-name": "~1.1.4"
      }
    },
    "color-name": {
      "version": "1.1.4",
      "resolved": "https://registry.npm.taobao.org/color-name/download/color-name-1.1.4.tgz",
      "integrity": "sha1-wqCah6y95pVD3m9j+jmVyCbFNqI="
    },
    "colorette": {
      "version": "1.3.0",
      "resolved": "https://registry.nlark.com/colorette/download/colorette-1.3.0.tgz?cache=0&sync_timestamp=1628600323078&other_urls=https%3A%2F%2Fregistry.nlark.com%2Fcolorette%2Fdownload%2Fcolorette-1.3.0.tgz",
      "integrity": "sha1-/0XS8O2yRAadO3cq3rBP7TjQoK8=",
      "dev": true
    },
    "consolidate": {
      "version": "0.16.0",
      "resolved": "https://registry.npm.taobao.org/consolidate/download/consolidate-0.16.0.tgz",
      "integrity": "sha1-oRhkdokw8vGUMWYKZZBmaPX73BY=",
      "dev": true,
      "requires": {
        "bluebird": "^3.7.2"
      }
    },
    "core-js": {
      "version": "3.18.0",
      "resolved": "https://registry.nlark.com/core-js/download/core-js-3.18.0.tgz?cache=0&sync_timestamp=1632078308388&other_urls=https%3A%2F%2Fregistry.nlark.com%2Fcore-js%2Fdownload%2Fcore-js-3.18.0.tgz",
      "integrity": "sha1-mvP0pt+bo0KKP7GxcfFQOz9AzEk=",
      "dev": true
    },
    "css-render": {
      "version": "0.15.6",
      "resolved": "https://registry.nlark.com/css-render/download/css-render-0.15.6.tgz",
      "integrity": "sha1-k7d4/8OBIPjNThNZQfDXbuTBt4M=",
      "dev": true,
      "requires": {
        "@emotion/hash": "~0.8.0",
        "@types/node": "~14.14.31",
        "csstype": "~3.0.5"
      },
      "dependencies": {
        "csstype": {
          "version": "3.0.9",
          "resolved": "https://registry.nlark.com/csstype/download/csstype-3.0.9.tgz?cache=0&sync_timestamp=1631540782346&other_urls=https%3A%2F%2Fregistry.nlark.com%2Fcsstype%2Fdownload%2Fcsstype-3.0.9.tgz",
          "integrity": "sha1-ZBCvMbJr0FIJM9AsvGT86c4/vws=",
          "dev": true
        }
      }
    },
    "cssesc": {
      "version": "3.0.0",
      "resolved": "https://registry.npm.taobao.org/cssesc/download/cssesc-3.0.0.tgz",
      "integrity": "sha1-N3QZGZA7hoVl4cCep0dEXNGJg+4=",
      "dev": true
    },
    "csstype": {
      "version": "2.6.17",
      "resolved": "https://registry.nlark.com/csstype/download/csstype-2.6.17.tgz",
      "integrity": "sha1-TPMOuH4dGgBdi2UQ+VKSQT9qHA4="
    },
    "date-fns": {
      "version": "2.25.0",
      "resolved": "https://registry.npmmirror.com/date-fns/download/date-fns-2.25.0.tgz",
      "integrity": "sha1-jFyPHZWL44CamgP0t0LrqJT8VoA=",
      "dev": true
    },
    "date-fns-tz": {
      "version": "1.1.6",
      "resolved": "https://registry.nlark.com/date-fns-tz/download/date-fns-tz-1.1.6.tgz",
      "integrity": "sha1-k8vzVOKuss0xL/oy5GLBlDzyCo4=",
      "dev": true
    },
    "diff-sequences": {
      "version": "26.6.2",
      "resolved": "https://registry.nlark.com/diff-sequences/download/diff-sequences-26.6.2.tgz",
      "integrity": "sha1-SLqZFX3hkjQS7tQdtrbUqpynwLE=",
      "dev": true
    },
    "element-resize-detector": {
      "version": "1.2.3",
      "resolved": "https://registry.nlark.com/element-resize-detector/download/element-resize-detector-1.2.3.tgz?cache=0&sync_timestamp=1624540724044&other_urls=https%3A%2F%2Fregistry.nlark.com%2Felement-resize-detector%2Fdownload%2Felement-resize-detector-1.2.3.tgz",
      "integrity": "sha1-UHjZuZOY/kxYn4yN+U/5nl1BP/M=",
      "dev": true,
      "requires": {
        "batch-processor": "1.0.0"
      }
    },
    "emojis-list": {
      "version": "3.0.0",
      "resolved": "https://registry.npm.taobao.org/emojis-list/download/emojis-list-3.0.0.tgz",
      "integrity": "sha1-VXBmIEatKeLpFucariYKvf9Pang="
    },
    "esbuild": {
      "version": "0.12.29",
      "resolved": "https://registry.nlark.com/esbuild/download/esbuild-0.12.29.tgz?cache=0&sync_timestamp=1632290491314&other_urls=https%3A%2F%2Fregistry.nlark.com%2Fesbuild%2Fdownload%2Fesbuild-0.12.29.tgz",
      "integrity": "sha1-vmAtt8TceJRKnb3g0eoZ02wfiC0=",
      "dev": true
    },
    "estree-walker": {
      "version": "2.0.2",
      "resolved": "https://registry.npm.taobao.org/estree-walker/download/estree-walker-2.0.2.tgz",
      "integrity": "sha1-UvAQF4wqTBF6d1fP6UKtt9LaTKw="
    },
    "evtd": {
      "version": "0.2.2",
      "resolved": "https://registry.nlark.com/evtd/download/evtd-0.2.2.tgz",
      "integrity": "sha1-vrvifhWu3B1cGLwmIN/JDyYHh8M=",
      "dev": true
    },
    "fill-range": {
      "version": "7.0.1",
      "resolved": "https://registry.npm.taobao.org/fill-range/download/fill-range-7.0.1.tgz",
      "integrity": "sha1-GRmmp8df44ssfHflGYU12prN2kA=",
      "dev": true,
      "requires": {
        "to-regex-range": "^5.0.1"
      }
    },
    "follow-redirects": {
      "version": "1.14.3",
      "resolved": "https://registry.nlark.com/follow-redirects/download/follow-redirects-1.14.3.tgz",
      "integrity": "sha1-atp4EY2NJMruWVWVrM3ArGq9Ai4="
    },
    "fsevents": {
      "version": "2.3.2",
      "resolved": "https://registry.npm.taobao.org/fsevents/download/fsevents-2.3.2.tgz",
      "integrity": "sha1-ilJveLj99GI7cJ4Ll1xSwkwC/Ro=",
      "dev": true,
      "optional": true
    },
    "function-bind": {
      "version": "1.1.1",
      "resolved": "https://registry.npm.taobao.org/function-bind/download/function-bind-1.1.1.tgz",
      "integrity": "sha1-pWiZ0+o8m6uHS7l3O3xe3pL0iV0="
    },
    "generic-names": {
      "version": "2.0.1",
      "resolved": "https://registry.npm.taobao.org/generic-names/download/generic-names-2.0.1.tgz",
      "integrity": "sha1-+KN46tLMqno08DF7BVVIMq5BuHI=",
      "dev": true,
      "requires": {
        "loader-utils": "^1.1.0"
      }
    },
    "get-intrinsic": {
      "version": "1.1.1",
      "resolved": "https://registry.npm.taobao.org/get-intrinsic/download/get-intrinsic-1.1.1.tgz?cache=0&sync_timestamp=1612364352840&other_urls=https%3A%2F%2Fregistry.npm.taobao.org%2Fget-intrinsic%2Fdownload%2Fget-intrinsic-1.1.1.tgz",
      "integrity": "sha1-FfWfN2+FXERpY5SPDSTNNje0q8Y=",
      "requires": {
        "function-bind": "^1.1.1",
        "has": "^1.0.3",
        "has-symbols": "^1.0.1"
      }
    },
    "glob-parent": {
      "version": "5.1.2",
      "resolved": "https://registry.nlark.com/glob-parent/download/glob-parent-5.1.2.tgz?cache=0&sync_timestamp=1626760235241&other_urls=https%3A%2F%2Fregistry.nlark.com%2Fglob-parent%2Fdownload%2Fglob-parent-5.1.2.tgz",
      "integrity": "sha1-hpgyxYA0/mikCTwX3BXoNA2EAcQ=",
      "dev": true,
      "requires": {
        "is-glob": "^4.0.1"
      }
    },
    "has": {
      "version": "1.0.3",
      "resolved": "https://registry.nlark.com/has/download/has-1.0.3.tgz?cache=0&sync_timestamp=1618847173393&other_urls=https%3A%2F%2Fregistry.nlark.com%2Fhas%2Fdownload%2Fhas-1.0.3.tgz",
      "integrity": "sha1-ci18v8H2qoJB8W3YFOAR4fQeh5Y=",
      "requires": {
        "function-bind": "^1.1.1"
      }
    },
    "has-flag": {
      "version": "4.0.0",
      "resolved": "https://registry.nlark.com/has-flag/download/has-flag-4.0.0.tgz?cache=0&sync_timestamp=1626715907927&other_urls=https%3A%2F%2Fregistry.nlark.com%2Fhas-flag%2Fdownload%2Fhas-flag-4.0.0.tgz",
      "integrity": "sha1-lEdx/ZyByBJlxNaUGGDaBrtZR5s="
    },
    "has-symbols": {
      "version": "1.0.2",
      "resolved": "https://registry.npm.taobao.org/has-symbols/download/has-symbols-1.0.2.tgz?cache=0&sync_timestamp=1614443577352&other_urls=https%3A%2F%2Fregistry.npm.taobao.org%2Fhas-symbols%2Fdownload%2Fhas-symbols-1.0.2.tgz",
      "integrity": "sha1-Fl0wcMADCXUqEjakeTMeOsVvFCM="
    },
    "hash-sum": {
      "version": "2.0.0",
      "resolved": "https://registry.npm.taobao.org/hash-sum/download/hash-sum-2.0.0.tgz",
      "integrity": "sha1-gdAbtd6OpKIUrV1urRtSNGCwtFo="
    },
    "highlight.js": {
      "version": "11.3.1",
      "resolved": "https://registry.npmmirror.com/highlight.js/download/highlight.js-11.3.1.tgz",
      "integrity": "sha1-gTB47zqlGcYXAPhP6QRyMcXcMpE=",
      "dev": true
    },
    "hls.js": {
      "version": "1.0.10",
      "resolved": "https://registry.nlark.com/hls.js/download/hls.js-1.0.10.tgz",
      "integrity": "sha1-JibBngoykEwZFahCxZH5sKn1Bms="
    },
    "icss-replace-symbols": {
      "version": "1.1.0",
      "resolved": "https://registry.npm.taobao.org/icss-replace-symbols/download/icss-replace-symbols-1.1.0.tgz",
      "integrity": "sha1-Bupvg2ead0njhs/h/oEq5dsiPe0=",
      "dev": true
    },
    "icss-utils": {
      "version": "5.1.0",
      "resolved": "https://registry.nlark.com/icss-utils/download/icss-utils-5.1.0.tgz",
      "integrity": "sha1-xr5oWKvQE9do6YNmrkfiXViHsa4=",
      "dev": true
    },
    "is-binary-path": {
      "version": "2.1.0",
      "resolved": "https://registry.npm.taobao.org/is-binary-path/download/is-binary-path-2.1.0.tgz",
      "integrity": "sha1-6h9/O4DwZCNug0cPhsCcJU+0Wwk=",
      "dev": true,
      "requires": {
        "binary-extensions": "^2.0.0"
      }
    },
    "is-core-module": {
      "version": "2.6.0",
      "resolved": "https://registry.nlark.com/is-core-module/download/is-core-module-2.6.0.tgz",
      "integrity": "sha1-11U7JSb+Wbkro+QMjfdX7Ipwnhk=",
      "dev": true,
      "requires": {
        "has": "^1.0.3"
      }
    },
    "is-extglob": {
      "version": "2.1.1",
      "resolved": "https://registry.npm.taobao.org/is-extglob/download/is-extglob-2.1.1.tgz",
      "integrity": "sha1-qIwCU1eR8C7TfHahueqXc8gz+MI=",
      "dev": true
    },
    "is-glob": {
      "version": "4.0.1",
      "resolved": "https://registry.npm.taobao.org/is-glob/download/is-glob-4.0.1.tgz",
      "integrity": "sha1-dWfb6fL14kZ7x3q4PEopSCQHpdw=",
      "dev": true,
      "requires": {
        "is-extglob": "^2.1.1"
      }
    },
    "is-number": {
      "version": "7.0.0",
      "resolved": "https://registry.npm.taobao.org/is-number/download/is-number-7.0.0.tgz",
      "integrity": "sha1-dTU0W4lnNNX4DE0GxQlVUnoU8Ss=",
      "dev": true
    },
    "jest-diff": {
      "version": "26.6.2",
      "resolved": "https://registry.nlark.com/jest-diff/download/jest-diff-26.6.2.tgz?cache=0&sync_timestamp=1630058505714&other_urls=https%3A%2F%2Fregistry.nlark.com%2Fjest-diff%2Fdownload%2Fjest-diff-26.6.2.tgz",
      "integrity": "sha1-GqdGi1LDpo19XF/c381eSb0WQ5Q=",
      "dev": true,
      "requires": {
        "chalk": "^4.0.0",
        "diff-sequences": "^26.6.2",
        "jest-get-type": "^26.3.0",
        "pretty-format": "^26.6.2"
      }
    },
    "jest-get-type": {
      "version": "26.3.0",
      "resolved": "https://registry.nlark.com/jest-get-type/download/jest-get-type-26.3.0.tgz?cache=0&sync_timestamp=1624900515245&other_urls=https%3A%2F%2Fregistry.nlark.com%2Fjest-get-type%2Fdownload%2Fjest-get-type-26.3.0.tgz",
      "integrity": "sha1-6X3Dw/U8K0Bsp6+u1Ek7HQmRmeA=",
      "dev": true
    },
    "js-md5": {
      "version": "0.7.3",
      "resolved": "https://registry.npm.taobao.org/js-md5/download/js-md5-0.7.3.tgz",
      "integrity": "sha1-tPL7sLMnRV9ZjWcn447Ccs0Jw/I="
    },
    "json5": {
      "version": "1.0.1",
      "resolved": "https://registry.npm.taobao.org/json5/download/json5-1.0.1.tgz",
      "integrity": "sha1-d5+wAYYE+oVOrL9iUhgNg1Q+Pb4=",
      "dev": true,
      "requires": {
        "minimist": "^1.2.0"
      }
    },
    "loader-utils": {
      "version": "1.4.0",
      "resolved": "https://registry.npm.taobao.org/loader-utils/download/loader-utils-1.4.0.tgz",
      "integrity": "sha1-xXm140yzSxp07cbB+za/o3HVphM=",
      "dev": true,
      "requires": {
        "big.js": "^5.2.2",
        "emojis-list": "^3.0.0",
        "json5": "^1.0.1"
      }
    },
    "lodash": {
      "version": "4.17.21",
      "resolved": "https://registry.npm.taobao.org/lodash/download/lodash-4.17.21.tgz",
      "integrity": "sha1-Z5WRxWTDv/quhFTPCz3zcMPWkRw=",
      "dev": true
    },
    "lodash-es": {
      "version": "4.17.21",
      "resolved": "https://registry.npm.taobao.org/lodash-es/download/lodash-es-4.17.21.tgz?cache=0&sync_timestamp=1613836838613&other_urls=https%3A%2F%2Fregistry.npm.taobao.org%2Flodash-es%2Fdownload%2Flodash-es-4.17.21.tgz",
      "integrity": "sha1-Q+YmxG5lkbd1C+srUBFzkMYJ4+4=",
      "dev": true
    },
    "lodash.camelcase": {
      "version": "4.3.0",
      "resolved": "https://registry.nlark.com/lodash.camelcase/download/lodash.camelcase-4.3.0.tgz",
      "integrity": "sha1-soqmKIorn8ZRA1x3EfZathkDMaY=",
      "dev": true
    },
    "lru-cache": {
      "version": "5.1.1",
      "resolved": "https://registry.npm.taobao.org/lru-cache/download/lru-cache-5.1.1.tgz",
      "integrity": "sha1-HaJ+ZxAnGUdpXa9oSOhH8B2EuSA=",
      "dev": true,
      "requires": {
        "yallist": "^3.0.2"
      }
    },
    "magic-string": {
      "version": "0.25.7",
      "resolved": "https://registry.npm.taobao.org/magic-string/download/magic-string-0.25.7.tgz",
      "integrity": "sha1-P0l9b9NMZpxnmNy4IfLvMfVEUFE=",
      "dev": true,
      "requires": {
        "sourcemap-codec": "^1.4.4"
      }
    },
    "merge-source-map": {
      "version": "1.1.0",
      "resolved": "https://registry.npm.taobao.org/merge-source-map/download/merge-source-map-1.1.0.tgz",
      "integrity": "sha1-L93n5gIJOfcJBqaPLXrmheTIxkY=",
      "dev": true,
      "requires": {
        "source-map": "^0.6.1"
      }
    },
    "minimist": {
      "version": "1.2.5",
      "resolved": "https://registry.npm.taobao.org/minimist/download/minimist-1.2.5.tgz?cache=0&sync_timestamp=1602337228360&other_urls=https%3A%2F%2Fregistry.npm.taobao.org%2Fminimist%2Fdownload%2Fminimist-1.2.5.tgz",
      "integrity": "sha1-Z9ZgFLZqaoqqDAg8X9WN9OTpdgI="
    },
    "naive-ui": {
      "version": "2.19.11",
      "resolved": "https://registry.npmmirror.com/naive-ui/download/naive-ui-2.19.11.tgz?cache=0&sync_timestamp=1634785603440&other_urls=https%3A%2F%2Fregistry.npmmirror.com%2Fnaive-ui%2Fdownload%2Fnaive-ui-2.19.11.tgz",
      "integrity": "sha1-pl8Eey5T9ypJVbkYVvdusB41520=",
      "dev": true,
      "requires": {
        "@css-render/plugin-bem": "^0.15.6",
        "@css-render/vue3-ssr": "^0.15.6",
        "@types/lodash": "^4.14.170",
        "@types/lodash-es": "^4.17.4",
        "async-validator": "^4.0.1",
        "css-render": "^0.15.6",
        "date-fns": "^2.19.0",
        "date-fns-tz": "^1.1.6",
        "evtd": "^0.2.2",
        "highlight.js": "^11.0.1",
        "lodash": "^4.17.21",
        "lodash-es": "^4.17.21",
        "seemly": "^0.3.2",
        "treemate": "^0.3.8",
        "vdirs": "^0.1.4",
        "vfonts": "^0.1.0",
        "vooks": "^0.2.10",
        "vueuc": "^0.4.13"
      }
    },
    "nanoid": {
      "version": "3.1.25",
      "resolved": "https://registry.nlark.com/nanoid/download/nanoid-3.1.25.tgz",
      "integrity": "sha1-CcoydHwOVD8OGBS303k0d/nI4VI=",
      "dev": true
    },
    "normalize-path": {
      "version": "3.0.0",
      "resolved": "https://registry.npm.taobao.org/normalize-path/download/normalize-path-3.0.0.tgz",
      "integrity": "sha1-Dc1p/yOhybEf0JeDFmRKA4ghamU=",
      "dev": true
    },
    "object-inspect": {
      "version": "1.11.0",
      "resolved": "https://registry.nlark.com/object-inspect/download/object-inspect-1.11.0.tgz",
      "integrity": "sha1-nc6xRs7dQUig2eUauI00z1CZIrE="
    },
    "path-parse": {
      "version": "1.0.7",
      "resolved": "https://registry.nlark.com/path-parse/download/path-parse-1.0.7.tgz",
      "integrity": "sha1-+8EUtgykKzDZ2vWFjkvWi77bZzU=",
      "dev": true
    },
    "picomatch": {
      "version": "2.3.0",
      "resolved": "https://registry.nlark.com/picomatch/download/picomatch-2.3.0.tgz",
      "integrity": "sha1-8fBh3o9qS/AiiS4tEoI0+5gwKXI=",
      "dev": true
    },
    "postcss": {
      "version": "8.3.6",
      "resolved": "https://registry.nlark.com/postcss/download/postcss-8.3.6.tgz?cache=0&sync_timestamp=1626882928473&other_urls=https%3A%2F%2Fregistry.nlark.com%2Fpostcss%2Fdownload%2Fpostcss-8.3.6.tgz",
      "integrity": "sha1-JzDddql5afN/U7mmCWGXvjEcxOo=",
      "dev": true,
      "requires": {
        "colorette": "^1.2.2",
        "nanoid": "^3.1.23",
        "source-map-js": "^0.6.2"
      }
    },
    "postcss-modules": {
      "version": "4.2.2",
      "resolved": "https://registry.nlark.com/postcss-modules/download/postcss-modules-4.2.2.tgz?cache=0&sync_timestamp=1627039417896&other_urls=https%3A%2F%2Fregistry.nlark.com%2Fpostcss-modules%2Fdownload%2Fpostcss-modules-4.2.2.tgz",
      "integrity": "sha1-Xnd3xaiWTqF2kZ2QsuVO+JEyHOU=",
      "dev": true,
      "requires": {
        "generic-names": "^2.0.1",
        "icss-replace-symbols": "^1.1.0",
        "lodash.camelcase": "^4.3.0",
        "postcss-modules-extract-imports": "^3.0.0",
        "postcss-modules-local-by-default": "^4.0.0",
        "postcss-modules-scope": "^3.0.0",
        "postcss-modules-values": "^4.0.0",
        "string-hash": "^1.1.1"
      }
    },
    "postcss-modules-extract-imports": {
      "version": "3.0.0",
      "resolved": "https://registry.npm.taobao.org/postcss-modules-extract-imports/download/postcss-modules-extract-imports-3.0.0.tgz",
      "integrity": "sha1-zaHwR8CugMl9vijD52pDuIAldB0=",
      "dev": true
    },
    "postcss-modules-local-by-default": {
      "version": "4.0.0",
      "resolved": "https://registry.npm.taobao.org/postcss-modules-local-by-default/download/postcss-modules-local-by-default-4.0.0.tgz?cache=0&sync_timestamp=1602587625149&other_urls=https%3A%2F%2Fregistry.npm.taobao.org%2Fpostcss-modules-local-by-default%2Fdownload%2Fpostcss-modules-local-by-default-4.0.0.tgz",
      "integrity": "sha1-67tU+uFZjuz99pGgKz/zs5ClpRw=",
      "dev": true,
      "requires": {
        "icss-utils": "^5.0.0",
        "postcss-selector-parser": "^6.0.2",
        "postcss-value-parser": "^4.1.0"
      }
    },
    "postcss-modules-scope": {
      "version": "3.0.0",
      "resolved": "https://registry.npm.taobao.org/postcss-modules-scope/download/postcss-modules-scope-3.0.0.tgz",
      "integrity": "sha1-nvMVFFbTu/oSDKRImN/Kby+gHwY=",
      "dev": true,
      "requires": {
        "postcss-selector-parser": "^6.0.4"
      }
    },
    "postcss-modules-values": {
      "version": "4.0.0",
      "resolved": "https://registry.npm.taobao.org/postcss-modules-values/download/postcss-modules-values-4.0.0.tgz?cache=0&sync_timestamp=1602586215124&other_urls=https%3A%2F%2Fregistry.npm.taobao.org%2Fpostcss-modules-values%2Fdownload%2Fpostcss-modules-values-4.0.0.tgz",
      "integrity": "sha1-18Xn5ow7s8myfL9Iyguz/7RgLJw=",
      "dev": true,
      "requires": {
        "icss-utils": "^5.0.0"
      }
    },
    "postcss-selector-parser": {
      "version": "6.0.6",
      "resolved": "https://registry.nlark.com/postcss-selector-parser/download/postcss-selector-parser-6.0.6.tgz",
      "integrity": "sha1-LFu6gXSsL2mBq2MaQqsO5UrzMuo=",
      "dev": true,
      "requires": {
        "cssesc": "^3.0.0",
        "util-deprecate": "^1.0.2"
      }
    },
    "postcss-value-parser": {
      "version": "4.1.0",
      "resolved": "https://registry.npm.taobao.org/postcss-value-parser/download/postcss-value-parser-4.1.0.tgz",
      "integrity": "sha1-RD9qIM7WSBor2k+oUypuVdeJoss=",
      "dev": true
    },
    "pretty-format": {
      "version": "26.6.2",
      "resolved": "https://registry.nlark.com/pretty-format/download/pretty-format-26.6.2.tgz",
      "integrity": "sha1-41wnBfFMt/4v6U+geDRbREEg/JM=",
      "dev": true,
      "requires": {
        "@jest/types": "^26.6.2",
        "ansi-regex": "^5.0.0",
        "ansi-styles": "^4.0.0",
        "react-is": "^17.0.1"
      }
    },
    "promise-polyfill": {
      "version": "7.1.0",
      "resolved": "https://registry.npm.taobao.org/promise-polyfill/download/promise-polyfill-7.1.0.tgz",
      "integrity": "sha1-TXSUhbRFd8FBN1kcbzbl1+LdM3g="
    },
    "qs": {
      "version": "6.10.1",
      "resolved": "https://registry.npm.taobao.org/qs/download/qs-6.10.1.tgz",
      "integrity": "sha1-STFIL6jWR6Wqt5nFJx0hM7mB+2o=",
      "requires": {
        "side-channel": "^1.0.4"
      }
    },
    "react-is": {
      "version": "17.0.2",
      "resolved": "https://registry.nlark.com/react-is/download/react-is-17.0.2.tgz",
      "integrity": "sha1-5pHUqOnHiTZWVVOas3J2Kw77VPA=",
      "dev": true
    },
    "readdirp": {
      "version": "3.6.0",
      "resolved": "https://registry.npm.taobao.org/readdirp/download/readdirp-3.6.0.tgz?cache=0&sync_timestamp=1615717369278&other_urls=https%3A%2F%2Fregistry.npm.taobao.org%2Freaddirp%2Fdownload%2Freaddirp-3.6.0.tgz",
      "integrity": "sha1-dKNwvYVxFuJFspzJc0DNQxoCpsc=",
      "dev": true,
      "requires": {
        "picomatch": "^2.2.1"
      }
    },
    "resize-observer-polyfill": {
      "version": "1.5.1",
      "resolved": "https://registry.nlark.com/resize-observer-polyfill/download/resize-observer-polyfill-1.5.1.tgz?cache=0&sync_timestamp=1618847256390&other_urls=https%3A%2F%2Fregistry.nlark.com%2Fresize-observer-polyfill%2Fdownload%2Fresize-observer-polyfill-1.5.1.tgz",
      "integrity": "sha1-DpAg3T0hAkRY1OvSfiPkAmmBBGQ=",
      "dev": true
    },
    "resolve": {
      "version": "1.20.0",
      "resolved": "https://registry.npm.taobao.org/resolve/download/resolve-1.20.0.tgz",
      "integrity": "sha1-YpoBP7P3B1XW8LeTXMHCxTeLGXU=",
      "dev": true,
      "requires": {
        "is-core-module": "^2.2.0",
        "path-parse": "^1.0.6"
      }
    },
    "rollup": {
      "version": "2.57.0",
      "resolved": "https://registry.nlark.com/rollup/download/rollup-2.57.0.tgz",
      "integrity": "sha1-wWlEdesi4QIkd8D0Y1/QrIBxMXM=",
      "dev": true,
      "requires": {
        "fsevents": "~2.3.2"
      }
    },
    "sass": {
      "version": "1.42.1",
      "resolved": "https://registry.nlark.com/sass/download/sass-1.42.1.tgz?cache=0&sync_timestamp=1632295857421&other_urls=https%3A%2F%2Fregistry.nlark.com%2Fsass%2Fdownload%2Fsass-1.42.1.tgz",
      "integrity": "sha1-WrF768HLGIGtLgyakyxmrWTkQeI=",
      "dev": true,
      "requires": {
        "chokidar": ">=3.0.0 <4.0.0"
      }
    },
    "seemly": {
      "version": "0.3.2",
      "resolved": "https://registry.npmmirror.com/seemly/download/seemly-0.3.2.tgz",
      "integrity": "sha1-9FqssqB0i7nadmtc+AXTtZrJUCw=",
      "dev": true,
      "requires": {
        "@types/jest": "^26.0.20"
      }
    },
    "side-channel": {
      "version": "1.0.4",
      "resolved": "https://registry.npm.taobao.org/side-channel/download/side-channel-1.0.4.tgz",
      "integrity": "sha1-785cj9wQTudRslxY1CkAEfpeos8=",
      "requires": {
        "call-bind": "^1.0.0",
        "get-intrinsic": "^1.0.2",
        "object-inspect": "^1.9.0"
      }
    },
    "smoothscroll": {
      "version": "0.4.0",
      "resolved": "https://registry.nlark.com/smoothscroll/download/smoothscroll-0.4.0.tgz",
      "integrity": "sha1-QOUHtGRhQIuht4fQCB4eiDxBJKU="
    },
    "source-map": {
      "version": "0.6.1",
      "resolved": "https://registry.nlark.com/source-map/download/source-map-0.6.1.tgz",
      "integrity": "sha1-dHIq8y6WFOnCh6jQu95IteLxomM="
    },
    "source-map-js": {
      "version": "0.6.2",
      "resolved": "https://registry.nlark.com/source-map-js/download/source-map-js-0.6.2.tgz",
      "integrity": "sha1-C7XeYxtBz72mz7qL0FqA79/SOF4=",
      "dev": true
    },
    "sourcemap-codec": {
      "version": "1.4.8",
      "resolved": "https://registry.npm.taobao.org/sourcemap-codec/download/sourcemap-codec-1.4.8.tgz",
      "integrity": "sha1-6oBL2UhXQC5pktBaOO8a41qatMQ=",
      "dev": true
    },
    "string-hash": {
      "version": "1.1.3",
      "resolved": "https://registry.nlark.com/string-hash/download/string-hash-1.1.3.tgz",
      "integrity": "sha1-6Kr8CsGFW0Zmkp7X3RJ1311sgRs=",
      "dev": true
    },
    "supports-color": {
      "version": "7.2.0",
      "resolved": "https://registry.nlark.com/supports-color/download/supports-color-7.2.0.tgz?cache=0&sync_timestamp=1626703400240&other_urls=https%3A%2F%2Fregistry.nlark.com%2Fsupports-color%2Fdownload%2Fsupports-color-7.2.0.tgz",
      "integrity": "sha1-G33NyzK4E4gBs+R4umpRyqiWSNo=",
      "requires": {
        "has-flag": "^4.0.0"
      }
    },
    "throttle-debounce": {
      "version": "3.0.1",
      "resolved": "https://registry.npm.taobao.org/throttle-debounce/download/throttle-debounce-3.0.1.tgz",
      "integrity": "sha1-MvlNhN+olPeGyaHykOemRbahmrs="
    },
    "to-fast-properties": {
      "version": "2.0.0",
      "resolved": "https://registry.nlark.com/to-fast-properties/download/to-fast-properties-2.0.0.tgz?cache=0&sync_timestamp=1628418855671&other_urls=https%3A%2F%2Fregistry.nlark.com%2Fto-fast-properties%2Fdownload%2Fto-fast-properties-2.0.0.tgz",
      "integrity": "sha1-3F5pjL0HkmW8c+A3doGk5Og/YW4="
    },
    "to-regex-range": {
      "version": "5.0.1",
      "resolved": "https://registry.npm.taobao.org/to-regex-range/download/to-regex-range-5.0.1.tgz",
      "integrity": "sha1-FkjESq58jZiKMmAY7XL1tN0DkuQ=",
      "dev": true,
      "requires": {
        "is-number": "^7.0.0"
      }
    },
    "treemate": {
      "version": "0.3.8",
      "resolved": "https://registry.nlark.com/treemate/download/treemate-0.3.8.tgz",
      "integrity": "sha1-eRwM1urlvb0s0EATQpOF9TZv3/Q=",
      "dev": true
    },
    "util-deprecate": {
      "version": "1.0.2",
      "resolved": "https://registry.npm.taobao.org/util-deprecate/download/util-deprecate-1.0.2.tgz",
      "integrity": "sha1-RQ1Nyfpw3nMnYvvS1KKJgUGaDM8=",
      "dev": true
    },
    "vdirs": {
      "version": "0.1.4",
      "resolved": "https://registry.nlark.com/vdirs/download/vdirs-0.1.4.tgz",
      "integrity": "sha1-xMD/hs9H/tA95fhp4mUxHvGIq3Q=",
      "dev": true,
      "requires": {
        "@types/node": "^14.14.10",
        "evtd": "^0.2.2"
      }
    },
    "vfonts": {
      "version": "0.1.0",
      "resolved": "https://registry.nlark.com/vfonts/download/vfonts-0.1.0.tgz",
      "integrity": "sha1-wWrzfKBEsnJa5VVTBJKA775iIqk=",
      "dev": true
    },
    "vite": {
      "version": "2.5.10",
      "resolved": "https://registry.nlark.com/vite/download/vite-2.5.10.tgz",
      "integrity": "sha1-xZjjtafhlW/8Uus7NCDRd/wu0qU=",
      "dev": true,
      "requires": {
        "esbuild": "^0.12.17",
        "fsevents": "~2.3.2",
        "postcss": "^8.3.6",
        "resolve": "^1.20.0",
        "rollup": "^2.38.5"
      }
    },
    "vooks": {
      "version": "0.2.10",
      "resolved": "https://registry.npmmirror.com/vooks/download/vooks-0.2.10.tgz",
      "integrity": "sha1-Jlb0wCV1jtl+3EqVhMnMFez/tws=",
      "dev": true,
      "requires": {
        "evtd": "^0.2.2"
      }
    },
    "vue": {
      "version": "3.2.8",
      "resolved": "https://registry.nlark.com/vue/download/vue-3.2.8.tgz",
      "integrity": "sha1-kSTkwx68nFkrK58pPfXJqIp46UQ=",
      "requires": {
        "@vue/compiler-dom": "3.2.8",
        "@vue/runtime-dom": "3.2.8",
        "@vue/shared": "3.2.8"
      }
    },
    "vue-loader": {
      "version": "16.5.0",
      "resolved": "https://registry.nlark.com/vue-loader/download/vue-loader-16.5.0.tgz?cache=0&sync_timestamp=1628666767864&other_urls=https%3A%2F%2Fregistry.nlark.com%2Fvue-loader%2Fdownload%2Fvue-loader-16.5.0.tgz",
      "integrity": "sha1-CcTgcSRmiZ40uZpoZSTxkWX7KJI=",
      "requires": {
        "chalk": "^4.1.0",
        "hash-sum": "^2.0.0",
        "loader-utils": "^2.0.0"
      },
      "dependencies": {
        "json5": {
          "version": "2.2.0",
          "resolved": "https://registry.npm.taobao.org/json5/download/json5-2.2.0.tgz",
          "integrity": "sha1-Lf7+cgxrpSXZ69kJlQ8FFTFsiaM=",
          "requires": {
            "minimist": "^1.2.5"
          }
        },
        "loader-utils": {
          "version": "2.0.0",
          "resolved": "https://registry.npm.taobao.org/loader-utils/download/loader-utils-2.0.0.tgz",
          "integrity": "sha1-5MrOW4FtQloWa18JfhDNErNgZLA=",
          "requires": {
            "big.js": "^5.2.2",
            "emojis-list": "^3.0.0",
            "json5": "^2.1.2"
          }
        }
      }
    },
    "vue-router": {
      "version": "4.0.11",
      "resolved": "https://registry.nlark.com/vue-router/download/vue-router-4.0.11.tgz?cache=0&sync_timestamp=1628495505697&other_urls=https%3A%2F%2Fregistry.nlark.com%2Fvue-router%2Fdownload%2Fvue-router-4.0.11.tgz",
      "integrity": "sha1-zWSaCUHGNSgXY6IJZbWZZD3caO0=",
      "requires": {
        "@vue/devtools-api": "^6.0.0-beta.14"
      }
    },
    "vue3-aplayer": {
      "version": "1.7.3",
      "resolved": "https://registry.nlark.com/vue3-aplayer/download/vue3-aplayer-1.7.3.tgz",
      "integrity": "sha1-yjk8T3AusbmOincLU6w2ZwOTaVE=",
      "requires": {
        "vue-loader": "^16.1.2"
      }
    },
    "vue3-scrollbar": {
      "version": "0.1.9",
      "resolved": "https://registry.npmmirror.com/vue3-scrollbar/download/vue3-scrollbar-0.1.9.tgz",
      "integrity": "sha1-aHi+UtD9qeB3WXktrOcTqWaLeNI=",
      "dev": true,
      "requires": {
        "core-js": "^3.6.5",
        "element-resize-detector": "^1.2.3",
        "vue": "^3.0.0"
      }
    },
    "vue3-video-play": {
      "version": "1.3.1-beta.2",
      "resolved": "https://registry.nlark.com/vue3-video-play/download/vue3-video-play-1.3.1-beta.2.tgz",
      "integrity": "sha1-jleJ00iAgSxJtYH+0n7IPqrLz8I=",
      "requires": {
        "hls.js": "^1.0.10",
        "throttle-debounce": "^3.0.1",
        "vue": "^3.2.2"
      }
    },
    "vueuc": {
      "version": "0.4.13",
      "resolved": "https://registry.npmmirror.com/vueuc/download/vueuc-0.4.13.tgz",
      "integrity": "sha1-4De/KrcGs1ZKj5yPFFczAYSYOmg=",
      "dev": true,
      "requires": {
        "css-render": "^0.15.3",
        "evtd": "^0.2.2",
        "resize-observer-polyfill": "^1.5.1",
        "seemly": "^0.3.1",
        "vdirs": "^0.1.4",
        "vooks": "^0.2.4"
      }
    },
    "vuex": {
      "version": "4.0.2",
      "resolved": "https://registry.nlark.com/vuex/download/vuex-4.0.2.tgz?cache=0&sync_timestamp=1623945253165&other_urls=https%3A%2F%2Fregistry.nlark.com%2Fvuex%2Fdownload%2Fvuex-4.0.2.tgz",
      "integrity": "sha1-+Jbb1b8qDpY/AMZ+m2EN50nMrMk=",
      "requires": {
        "@vue/devtools-api": "^6.0.0-beta.11"
      }
    },
    "yallist": {
      "version": "3.1.1",
      "resolved": "https://registry.npm.taobao.org/yallist/download/yallist-3.1.1.tgz",
      "integrity": "sha1-27fa+b/YusmrRev2ArjLrQ1dCP0=",
      "dev": true
    }
  }
}
